<?xml version="1.0" encoding="utf-8"?>
<Project ToolsVersion="4.0" xmlns="http://schemas.microsoft.com/developer/msbuild/2003">
  <ItemGroup>
    <Filter Include="Source Files">
      <UniqueIdentifier>{4FC737F1-C7A5-4376-A066-2A32D752A2FF}</UniqueIdentifier>
      <Extensions>cpp;c;cc;cxx;def;odl;idl;hpj;bat;asm;asmx</Extensions>
    </Filter>
    <Filter Include="Header Files">
      <UniqueIdentifier>{93995380-89BD-4b04-88EB-625FBE52EBFB}</UniqueIdentifier>
      <Extensions>h;hpp;hxx;hm;inl;inc;xsd</Extensions>
    </Filter>
    <Filter Include="Resource Files">
      <UniqueIdentifier>{67DA6AB6-F800-4c08-8B7A-83BB121AAD01}</UniqueIdentifier>
      <Extensions>rc;ico;cur;bmp;dlg;rc2;rct;bin;rgs;gif;jpg;jpeg;jpe;resx;tiff;tif;png;wav;mfcribbon-ms</Extensions>
    </Filter>
    <Filter Include="Math">
      <UniqueIdentifier>{12e57458-a632-4704-9f5a-12b0aae7cf8a}</UniqueIdentifier>
    </Filter>
    <Filter Include="Header Files\Structs">
      <UniqueIdentifier>{dc95dbba-6b6a-43de-890c-e06f08028933}</UniqueIdentifier>
    </Filter>
    <Filter Include="Units">
      <UniqueIdentifier>{bc58f52f-321a-481a-a41d-0667760948d2}</UniqueIdentifier>
    </Filter>
    <Filter Include="Items">
      <UniqueIdentifier>{a23aab63-1c68-4f00-80ef-8caf34671ff2}</UniqueIdentifier>
    </Filter>
    <Filter Include="Level">
      <UniqueIdentifier>{3bfe269e-a8bc-47c2-8d60-768e72c0c004}</UniqueIdentifier>
    </Filter>
    <Filter Include="Menu">
      <UniqueIdentifier>{9ee20140-6a17-4aa8-b932-6493530ecded}</UniqueIdentifier>
    </Filter>
    <Filter Include="Abilities">
      <UniqueIdentifier>{b0d3de69-f9f7-4f6a-b7ac-f06c76b2634e}</UniqueIdentifier>
    </Filter>
    <Filter Include="Lua">
      <UniqueIdentifier>{3d1566a0-192d-44a5-b659-c570dd2c55e9}</UniqueIdentifier>
    </Filter>
  </ItemGroup>
  <ItemGroup>
    <None Include="ReadMe.txt" />
    <None Include="small.ico">
      <Filter>Resource Files</Filter>
    </None>
    <None Include="FelledTactics.ico">
      <Filter>Resource Files</Filter>
    </None>
    <None Include="color.fx" />
    <None Include="texture.fx" />
    <None Include="Lua\Damage.lua" />
  </ItemGroup>
  <ItemGroup>
    <ClInclude Include="stdafx.h">
      <Filter>Header Files</Filter>
    </ClInclude>
    <ClInclude Include="targetver.h">
      <Filter>Header Files</Filter>
    </ClInclude>
    <ClInclude Include="Resource.h">
      <Filter>Header Files</Filter>
    </ClInclude>
    <ClInclude Include="FelledTactics.h">
      <Filter>Header Files</Filter>
    </ClInclude>
    <ClInclude Include="Core.h">
      <Filter>Header Files</Filter>
    </ClInclude>
    <ClInclude Include="Matrix.h">
      <Filter>Math</Filter>
    </ClInclude>
    <ClInclude Include="Quaternion.h">
      <Filter>Math</Filter>
    </ClInclude>
    <ClInclude Include="Vector.h">
      <Filter>Math</Filter>
    </ClInclude>
    <ClInclude Include="GameTimer.h">
      <Filter>Header Files</Filter>
    </ClInclude>
    <ClInclude Include="InputManager.h">
      <Filter>Header Files</Filter>
    </ClInclude>
    <ClInclude Include="VisualElement.h">
      <Filter>Header Files</Filter>
    </ClInclude>
    <ClInclude Include="Consumable.h">
      <Filter>Items</Filter>
    </ClInclude>
    <ClInclude Include="Item.h">
      <Filter>Items</Filter>
    </ClInclude>
    <ClInclude Include="Weapon.h">
      <Filter>Items</Filter>
    </ClInclude>
    <ClInclude Include="Staff.h">
      <Filter>Items</Filter>
    </ClInclude>
    <ClInclude Include="Inventory.h">
      <Filter>Units</Filter>
    </ClInclude>
    <ClInclude Include="Unit.h">
      <Filter>Units</Filter>
    </ClInclude>
    <ClInclude Include="Level.h">
      <Filter>Level</Filter>
    </ClInclude>
    <ClInclude Include="Tile.h">
      <Filter>Level</Filter>
    </ClInclude>
    <ClInclude Include="Position.h">
      <Filter>Header Files\Structs</Filter>
    </ClInclude>
    <ClInclude Include="Camera.h">
      <Filter>Header Files</Filter>
    </ClInclude>
    <ClInclude Include="Direct3D.h">
      <Filter>Header Files</Filter>
    </ClInclude>
    <ClInclude Include="tinyxml2.h">
      <Filter>Header Files</Filter>
    </ClInclude>
    <ClInclude Include="MenuBox.h">
      <Filter>Menu</Filter>
    </ClInclude>
    <ClInclude Include="GameMaster.h">
      <Filter>Header Files</Filter>
    </ClInclude>
    <ClInclude Include="MenuElement.h">
      <Filter>Menu</Filter>
    </ClInclude>
    <ClInclude Include="TravelNode.h">
      <Filter>Header Files\Structs</Filter>
    </ClInclude>
    <ClInclude Include="CombatCalculator.h">
      <Filter>Header Files</Filter>
    </ClInclude>
    <ClInclude Include="TextElement.h">
      <Filter>Menu</Filter>
    </ClInclude>
    <ClInclude Include="Ability.h">
      <Filter>Abilities</Filter>
    </ClInclude>
    <ClInclude Include="CombatText.h">
      <Filter>Menu</Filter>
    </ClInclude>
    <ClInclude Include="Luna.h">
      <Filter>Lua</Filter>
    </ClInclude>
    <ClInclude Include="LuaCombatCalculator.h">
      <Filter>Lua</Filter>
    </ClInclude>
    <ClInclude Include="LuaLevel.h">
      <Filter>Lua</Filter>
    </ClInclude>
    <ClInclude Include="LuaUnit.h">
      <Filter>Lua</Filter>
    </ClInclude>
  </ItemGroup>
  <ItemGroup>
    <ClCompile Include="stdafx.cpp">
      <Filter>Source Files</Filter>
    </ClCompile>
    <ClCompile Include="FelledTactics.cpp">
      <Filter>Source Files</Filter>
    </ClCompile>
    <ClCompile Include="Vector.cpp">
      <Filter>Math</Filter>
    </ClCompile>
    <ClCompile Include="Quaternion.cpp">
      <Filter>Math</Filter>
    </ClCompile>
    <ClCompile Include="Matrix.cpp">
      <Filter>Math</Filter>
    </ClCompile>
    <ClCompile Include="GameTimer.cpp">
      <Filter>Source Files</Filter>
    </ClCompile>
    <ClCompile Include="InputManager.cpp">
      <Filter>Source Files</Filter>
    </ClCompile>
    <ClCompile Include="VisualElement.cpp">
      <Filter>Source Files</Filter>
    </ClCompile>
    <ClCompile Include="Consumable.cpp">
      <Filter>Items</Filter>
    </ClCompile>
    <ClCompile Include="Item.cpp">
      <Filter>Items</Filter>
    </ClCompile>
    <ClCompile Include="Staff.cpp">
      <Filter>Items</Filter>
    </ClCompile>
    <ClCompile Include="Weapon.cpp">
      <Filter>Items</Filter>
    </ClCompile>
    <ClCompile Include="Inventory.cpp">
      <Filter>Units</Filter>
    </ClCompile>
    <ClCompile Include="Unit.cpp">
      <Filter>Units</Filter>
    </ClCompile>
    <ClCompile Include="Level.cpp">
      <Filter>Level</Filter>
    </ClCompile>
    <ClCompile Include="Tile.cpp">
      <Filter>Level</Filter>
    </ClCompile>
    <ClCompile Include="Camera.cpp">
      <Filter>Source Files</Filter>
    </ClCompile>
    <ClCompile Include="Direct3D.cpp">
      <Filter>Source Files</Filter>
    </ClCompile>
    <ClCompile Include="tinyxml2.cpp">
      <Filter>Source Files</Filter>
    </ClCompile>
    <ClCompile Include="MenuBox.cpp">
      <Filter>Menu</Filter>
    </ClCompile>
    <ClCompile Include="GameMaster.cpp">
      <Filter>Source Files</Filter>
    </ClCompile>
    <ClCompile Include="MenuElement.cpp">
      <Filter>Menu</Filter>
    </ClCompile>
    <ClCompile Include="CombatCalculator.cpp">
      <Filter>Source Files</Filter>
    </ClCompile>
    <ClCompile Include="TextElement.cpp">
      <Filter>Menu</Filter>
    </ClCompile>
    <ClCompile Include="Ability.cpp">
      <Filter>Abilities</Filter>
    </ClCompile>
    <ClCompile Include="CombatText.cpp">
      <Filter>Menu</Filter>
    </ClCompile>
    <ClCompile Include="LuaLevel.cpp">
      <Filter>Lua</Filter>
    </ClCompile>
    <ClCompile Include="LuaCombatCalculator.cpp">
      <Filter>Lua</Filter>
    </ClCompile>
    <ClCompile Include="LuaUnit.cpp">
      <Filter>Lua</Filter>
    </ClCompile>
  </ItemGroup>
  <ItemGroup>
    <ResourceCompile Include="FelledTactics.rc">
      <Filter>Resource Files</Filter>
    </ResourceCompile>
  </ItemGroup>
</Project>